{
  "name": "web",
  "lockfileVersion": 3,
  "requires": true,
  "packages": {
    "": {
      "dependencies": {
        "audiomotion-analyzer": "^4.5.0"
      }
    },
    "node_modules/audiomotion-analyzer": {
      "version": "4.5.0",
      "resolved": "https://registry.npmjs.org/audiomotion-analyzer/-/audiomotion-analyzer-4.5.0.tgz",
      "integrity": "sha512-qnmB8TSbrxYkTbFgsQeeym0Z/suQx4c0jFg9Yh5+gaPw6J4AFLdfFpagdnDbtNEsj6K7BntgsC3bkdut5rxozg==",
      "license": "AGPL-3.0-or-later",
      "funding": {
        "type": "Ko-fi",
        "url": "https://ko-fi.com/hvianna"
      }
    }
  }
}
